{
  "name": "cdktf-terraform-hcl-module",
  "lockfileVersion": 3,
  "requires": true,
  "packages": {
    "": {
      "dependencies": {
        "cdktf": "^0.20.2"
      }
    },
    "node_modules/cdktf": {
      "version": "0.20.2",
      "resolved": "https://registry.npmjs.org/cdktf/-/cdktf-0.20.2.tgz",
      "integrity": "sha512-h1WNffprGnUCueX2Le1PG5WiZfASWsMw3sDV5NPAGqN9i45H64KgsgOd0QlkycKnbEC/vucseiH6IgtuISGKOQ==",
      "bundleDependencies": [
        "archiver",
        "json-stable-stringify",
        "semver"
      ],
      "dependencies": {
        "archiver": "6.0.1",
        "json-stable-stringify": "1.1.0",
        "semver": "7.5.4"
      },
      "peerDependencies": {
        "constructs": "^10.0.25"
      }
    },
    "node_modules/cdktf/node_modules/archiver": {
      "version": "6.0.1",
      "inBundle": true,
      "license": "MIT",
      "dependencies": {
        "archiver-utils": "^4.0.1",
        "async": "^3.2.4",
        "buffer-crc32": "^0.2.1",
        "readable-stream": "^3.6.0",
        "readdir-glob": "^1.1.2",
        "tar-stream": "^3.0.0",
        "zip-stream": "^5.0.1"
      },
      "engines": {
        "node": ">= 12.0.0"
      }
    },
    "node_modules/cdktf/node_modules/archiver-utils": {
      "version": "4.0.1",
      "inBundle": true,
      "license": "MIT",
      "dependencies": {
        "glob": "^8.0.0",
        "graceful-fs": "^4.2.0",
        "lazystream": "^1.0.0",
        "lodash": "^4.17.15",
        "normalize-path": "^3.0.0",
        "readable-stream": "^3.6.0"
      },
      "engines": {
        "node": ">= 12.0.0"
      }
    },
    "node_modules/cdktf/node_modules/async": {
      "version": "3.2.5",
      "inBundle": true,
      "license": "MIT"
    },
    "node_modules/cdktf/node_modules/b4a": {
      "version": "1.6.4",
      "inBundle": true,
      "license": "ISC"
    },
    "node_modules/cdktf/node_modules/balanced-match": {
      "version": "1.0.2",
      "inBundle": true,
      "license": "MIT"
    },
    "node_modules/cdktf/node_modules/brace-expansion": {
      "version": "2.0.1",
      "inBundle": true,
      "license": "MIT",
      "dependencies": {
        "balanced-match": "^1.0.0"
      }
    },
    "node_modules/cdktf/node_modules/buffer-crc32": {
      "version": "0.2.13",
      "inBundle": true,
      "license": "MIT",
      "engines": {
        "node": "*"
      }
    },
    "node_modules/cdktf/node_modules/call-bind": {
      "version": "1.0.5",
      "inBundle": true,
      "license": "MIT",
      "dependencies": {
        "function-bind": "^1.1.2",
        "get-intrinsic": "^1.2.1",
        "set-function-length": "^1.1.1"
      },
      "funding": {
        "url": "https://github.com/sponsors/ljharb"
      }
    },
    "node_modules/cdktf/node_modules/compress-commons": {
      "version": "5.0.1",
      "inBundle": true,
      "license": "MIT",
      "dependencies": {
        "crc-32": "^1.2.0",
        "crc32-stream": "^5.0.0",
        "normalize-path": "^3.0.0",
        "readable-stream": "^3.6.0"
      },
      "engines": {
        "node": ">= 12.0.0"
      }
    },
    "node_modules/cdktf/node_modules/core-util-is": {
      "version": "1.0.3",
      "inBundle": true,
      "license": "MIT"
    },
    "node_modules/cdktf/node_modules/crc-32": {
      "version": "1.2.2",
      "inBundle": true,
      "license": "Apache-2.0",
      "bin": {
        "crc32": "bin/crc32.njs"
      },
      "engines": {
        "node": ">=0.8"
      }
    },
    "node_modules/cdktf/node_modules/crc32-stream": {
      "version": "5.0.0",
      "inBundle": true,
      "license": "MIT",
      "dependencies": {
        "crc-32": "^1.2.0",
        "readable-stream": "^3.4.0"
      },
      "engines": {
        "node": ">= 12.0.0"
      }
    },
    "node_modules/cdktf/node_modules/define-data-property": {
      "version": "1.1.1",
      "inBundle": true,
      "license": "MIT",
      "dependencies": {
        "get-intrinsic": "^1.2.1",
        "gopd": "^1.0.1",
        "has-property-descriptors": "^1.0.0"
      },
      "engines": {
        "node": ">= 0.4"
      }
    },
    "node_modules/cdktf/node_modules/fast-fifo": {
      "version": "1.3.2",
      "inBundle": true,
      "license": "MIT"
    },
    "node_modules/cdktf/node_modules/fs.realpath": {
      "version": "1.0.0",
      "inBundle": true,
      "license": "ISC"
    },
    "node_modules/cdktf/node_modules/function-bind": {
      "version": "1.1.2",
      "inBundle": true,
      "license": "MIT",
      "funding": {
        "url": "https://github.com/sponsors/ljharb"
      }
    },
    "node_modules/cdktf/node_modules/get-intrinsic": {
      "version": "1.2.2",
      "inBundle": true,
      "license": "MIT",
      "dependencies": {
        "function-bind": "^1.1.2",
        "has-proto": "^1.0.1",
        "has-symbols": "^1.0.3",
        "hasown": "^2.0.0"
      },
      "funding": {
        "url": "https://github.com/sponsors/ljharb"
      }
    },
    "node_modules/cdktf/node_modules/glob": {
      "version": "8.1.0",
      "inBundle": true,
      "license": "ISC",
      "dependencies": {
        "fs.realpath": "^1.0.0",
        "inflight": "^1.0.4",
        "inherits": "2",
        "minimatch": "^5.0.1",
        "once": "^1.3.0"
      },
      "engines": {
        "node": ">=12"
      },
      "funding": {
        "url": "https://github.com/sponsors/isaacs"
      }
    },
    "node_modules/cdktf/node_modules/gopd": {
      "version": "1.0.1",
      "inBundle": true,
      "license": "MIT",
      "dependencies": {
        "get-intrinsic": "^1.1.3"
      },
      "funding": {
        "url": "https://github.com/sponsors/ljharb"
      }
    },
    "node_modules/cdktf/node_modules/graceful-fs": {
      "version": "4.2.11",
      "inBundle": true,
      "license": "ISC"
    },
    "node_modules/cdktf/node_modules/has-property-descriptors": {
      "version": "1.0.1",
      "inBundle": true,
      "license": "MIT",
      "dependencies": {
        "get-intrinsic": "^1.2.2"
      },
      "funding": {
        "url": "https://github.com/sponsors/ljharb"
      }
    },
    "node_modules/cdktf/node_modules/has-proto": {
      "version": "1.0.1",
      "inBundle": true,
      "license": "MIT",
      "engines": {
        "node": ">= 0.4"
      },
      "funding": {
        "url": "https://github.com/sponsors/ljharb"
      }
    },
    "node_modules/cdktf/node_modules/has-symbols": {
      "version": "1.0.3",
      "inBundle": true,
      "license": "MIT",
      "engines": {
        "node": ">= 0.4"
      },
      "funding": {
        "url": "https://github.com/sponsors/ljharb"
      }
    },
    "node_modules/cdktf/node_modules/hasown": {
      "version": "2.0.0",
      "inBundle": true,
      "license": "MIT",
      "dependencies": {
        "function-bind": "^1.1.2"
      },
      "engines": {
        "node": ">= 0.4"
      }
    },
    "node_modules/cdktf/node_modules/inflight": {
      "version": "1.0.6",
      "inBundle": true,
      "license": "ISC",
      "dependencies": {
        "once": "^1.3.0",
        "wrappy": "1"
      }
    },
    "node_modules/cdktf/node_modules/inherits": {
      "version": "2.0.4",
      "inBundle": true,
      "license": "ISC"
    },
    "node_modules/cdktf/node_modules/isarray": {
      "version": "2.0.5",
      "inBundle": true,
      "license": "MIT"
    },
    "node_modules/cdktf/node_modules/json-stable-stringify": {
      "version": "1.1.0",
      "inBundle": true,
      "license": "MIT",
      "dependencies": {
        "call-bind": "^1.0.5",
        "isarray": "^2.0.5",
        "jsonify": "^0.0.1",
        "object-keys": "^1.1.1"
      },
      "engines": {
        "node": ">= 0.4"
      },
      "funding": {
        "url": "https://github.com/sponsors/ljharb"
      }
    },
    "node_modules/cdktf/node_modules/jsonify": {
      "version": "0.0.1",
      "inBundle": true,
      "license": "Public Domain",
      "funding": {
        "url": "https://github.com/sponsors/ljharb"
      }
    },
    "node_modules/cdktf/node_modules/lazystream": {
      "version": "1.0.1",
      "inBundle": true,
      "license": "MIT",
      "dependencies": {
        "readable-stream": "^2.0.5"
      },
      "engines": {
        "node": ">= 0.6.3"
      }
    },
    "node_modules/cdktf/node_modules/lazystream/node_modules/isarray": {
      "version": "1.0.0",
      "inBundle": true,
      "license": "MIT"
    },
    "node_modules/cdktf/node_modules/lazystream/node_modules/readable-stream": {
      "version": "2.3.8",
      "inBundle": true,
      "license": "MIT",
      "dependencies": {
        "core-util-is": "~1.0.0",
        "inherits": "~2.0.3",
        "isarray": "~1.0.0",
        "process-nextick-args": "~2.0.0",
        "safe-buffer": "~5.1.1",
        "string_decoder": "~1.1.1",
        "util-deprecate": "~1.0.1"
      }
    },
    "node_modules/cdktf/node_modules/lazystream/node_modules/safe-buffer": {
      "version": "5.1.2",
      "inBundle": true,
      "license": "MIT"
    },
    "node_modules/cdktf/node_modules/lazystream/node_modules/string_decoder": {
      "version": "1.1.1",
      "inBundle": true,
      "license": "MIT",
      "dependencies": {
        "safe-buffer": "~5.1.0"
      }
    },
    "node_modules/cdktf/node_modules/lodash": {
      "version": "4.17.21",
      "inBundle": true,
      "license": "MIT"
    },
    "node_modules/cdktf/node_modules/lru-cache": {
      "version": "6.0.0",
      "inBundle": true,
      "license": "ISC",
      "dependencies": {
        "yallist": "^4.0.0"
      },
      "engines": {
        "node": ">=10"
      }
    },
    "node_modules/cdktf/node_modules/minimatch": {
      "version": "5.1.6",
      "inBundle": true,
      "license": "ISC",
      "dependencies": {
        "brace-expansion": "^2.0.1"
      },
      "engines": {
        "node": ">=10"
      }
    },
    "node_modules/cdktf/node_modules/normalize-path": {
      "version": "3.0.0",
      "inBundle": true,
      "license": "MIT",
      "engines": {
        "node": ">=0.10.0"
      }
    },
    "node_modules/cdktf/node_modules/object-keys": {
      "version": "1.1.1",
      "inBundle": true,
      "license": "MIT",
      "engines": {
        "node": ">= 0.4"
      }
    },
    "node_modules/cdktf/node_modules/once": {
      "version": "1.4.0",
      "inBundle": true,
      "license": "ISC",
      "dependencies": {
        "wrappy": "1"
      }
    },
    "node_modules/cdktf/node_modules/process-nextick-args": {
      "version": "2.0.1",
      "inBundle": true,
      "license": "MIT"
    },
    "node_modules/cdktf/node_modules/queue-tick": {
      "version": "1.0.1",
      "inBundle": true,
      "license": "MIT"
    },
    "node_modules/cdktf/node_modules/readable-stream": {
      "version": "3.6.2",
      "inBundle": true,
      "license": "MIT",
      "dependencies": {
        "inherits": "^2.0.3",
        "string_decoder": "^1.1.1",
        "util-deprecate": "^1.0.1"
      },
      "engines": {
        "node": ">= 6"
      }
    },
    "node_modules/cdktf/node_modules/readdir-glob": {
      "version": "1.1.3",
      "inBundle": true,
      "license": "Apache-2.0",
      "dependencies": {
        "minimatch": "^5.1.0"
      }
    },
    "node_modules/cdktf/node_modules/safe-buffer": {
      "version": "5.2.1",
      "funding": [
        {
          "type": "github",
          "url": "https://github.com/sponsors/feross"
        },
        {
          "type": "patreon",
          "url": "https://www.patreon.com/feross"
        },
        {
          "type": "consulting",
          "url": "https://feross.org/support"
        }
      ],
      "inBundle": true,
      "license": "MIT"
    },
    "node_modules/cdktf/node_modules/semver": {
      "version": "7.5.4",
      "inBundle": true,
      "license": "ISC",
      "dependencies": {
        "lru-cache": "^6.0.0"
      },
      "bin": {
        "semver": "bin/semver.js"
      },
      "engines": {
        "node": ">=10"
      }
    },
    "node_modules/cdktf/node_modules/set-function-length": {
      "version": "1.1.1",
      "inBundle": true,
      "license": "MIT",
      "dependencies": {
        "define-data-property": "^1.1.1",
        "get-intrinsic": "^1.2.1",
        "gopd": "^1.0.1",
        "has-property-descriptors": "^1.0.0"
      },
      "engines": {
        "node": ">= 0.4"
      }
    },
    "node_modules/cdktf/node_modules/streamx": {
      "version": "2.15.6",
      "inBundle": true,
      "license": "MIT",
      "dependencies": {
        "fast-fifo": "^1.1.0",
        "queue-tick": "^1.0.1"
      }
    },
    "node_modules/cdktf/node_modules/string_decoder": {
      "version": "1.3.0",
      "inBundle": true,
      "license": "MIT",
      "dependencies": {
        "safe-buffer": "~5.2.0"
      }
    },
    "node_modules/cdktf/node_modules/tar-stream": {
      "version": "3.1.6",
      "inBundle": true,
      "license": "MIT",
      "dependencies": {
        "b4a": "^1.6.4",
        "fast-fifo": "^1.2.0",
        "streamx": "^2.15.0"
      }
    },
    "node_modules/cdktf/node_modules/util-deprecate": {
      "version": "1.0.2",
      "inBundle": true,
      "license": "MIT"
    },
    "node_modules/cdktf/node_modules/wrappy": {
      "version": "1.0.2",
      "inBundle": true,
      "license": "ISC"
    },
    "node_modules/cdktf/node_modules/yallist": {
      "version": "4.0.0",
      "inBundle": true,
      "license": "ISC"
    },
    "node_modules/cdktf/node_modules/zip-stream": {
      "version": "5.0.1",
      "inBundle": true,
      "license": "MIT",
      "dependencies": {
        "archiver-utils": "^4.0.1",
        "compress-commons": "^5.0.1",
        "readable-stream": "^3.6.0"
      },
      "engines": {
        "node": ">= 12.0.0"
      }
    },
    "node_modules/constructs": {
      "version": "10.2.29",
      "resolved": "https://registry.npmjs.org/constructs/-/constructs-10.2.29.tgz",
      "integrity": "sha512-gsvKez1oWgUi+LJDEtmMrC9E1d0Kn0YXFcBJEYUzMznrzAUDWuaq0tG6PcmQ50+elH5RO3SMMLo4HzqLZ2XxFg==",
      "peer": true,
      "engines": {
        "node": ">= 16.14.0"
      }
    }
  }
}
