{
  "name": "npm-wing-deps",
  "version": "1.0.0",
  "lockfileVersion": 3,
  "requires": true,
  "packages": {
    "": {
      "name": "npm-wing-deps",
      "version": "1.0.0",
      "license": "ISC",
      "dependencies": {
        "@skorfmann/wing-assertions": "^0.0.1"
      }
    },
    "node_modules/@skorfmann/wing-assertions": {
      "version": "0.0.1",
      "resolved": "https://registry.npmjs.org/@skorfmann/wing-assertions/-/wing-assertions-0.0.1.tgz",
      "integrity": "sha512-OSbTL3SCFcenfD588pM35t4b5mRFdJMZ7zUtvUsLe5xfl7dpQRu7kYCOJQNxRLVRjZB0XofimMWxGp8/HDTlOQ=="
    }
  }
}
